
Microsoft Visual Studio Solution File, Format Version 12.00
# Visual Studio Version 17
VisualStudioVersion = 17.5.002.0
MinimumVisualStudioVersion = 10.0.40219.1
Project("{9A19103F-16F7-4668-BE54-9A1E7A4F7556}") = "Module6lab", "Module6lab\Module6lab.csproj", "{21CC712F-8A3C-4843-99A0-CF088D28083F}"
EndProject
Global
	GlobalSection(SolutionConfigurationPlatforms) = preSolution
		Debug|Any CPU = Debug|Any CPU
		Release|Any CPU = Release|Any CPU
	EndGlobalSection
	GlobalSection(ProjectConfigurationPlatforms) = postSolution
		{21CC712F-8A3C-4843-99A0-CF088D28083F}.Debug|Any CPU.ActiveCfg = Debug|Any CPU
		{21CC712F-8A3C-4843-99A0-CF088D28083F}.Debug|Any CPU.Build.0 = Debug|Any CPU
		{21CC712F-8A3C-4843-99A0-CF088D28083F}.Release|Any CPU.ActiveCfg = Release|Any CPU
		{21CC712F-8A3C-4843-99A0-CF088D28083F}.Release|Any CPU.Build.0 = Release|Any CPU
	EndGlobalSection
	GlobalSection(SolutionProperties) = preSolution
		HideSolutionNode = FALSE
	EndGlobalSection
	GlobalSection(ExtensibilityGlobals) = postSolution
		SolutionGuid = {2D8577DD-F837-435E-B90B-240B822D461C}
	EndGlobalSection
EndGlobal
